// !$*UTF8*$!
{
	archiveVersion = 1;
	classes = {
	};
	objectVersion = 55;
	objects = {

/* Begin PBXBuildFile section */
		9A36AC33280892CD00C04339 /* ScreenshotHorizontalListView.swift in Sources */ = {isa = PBXBuildFile; fileRef = 9A36AC32280892CD00C04339 /* ScreenshotHorizontalListView.swift */; };
		9A4D8EA12809E779007AC9B5 /* ArrowShape.swift in Sources */ = {isa = PBXBuildFile; fileRef = 9A4D8EA02809E779007AC9B5 /* ArrowShape.swift */; };
		9A4D8EA42809E7CE007AC9B5 /* GraphUtilities.swift in Sources */ = {isa = PBXBuildFile; fileRef = 9A4D8EA32809E7CE007AC9B5 /* GraphUtilities.swift */; };
		9A64053B28078D740036B306 /* ScreenshotVerticalListView.swift in Sources */ = {isa = PBXBuildFile; fileRef = 9A64053A28078D740036B306 /* ScreenshotVerticalListView.swift */; };
		9A79858E27F77081005FA54B /* ScreenshotView.swift in Sources */ = {isa = PBXBuildFile; fileRef = 9A79858D27F77081005FA54B /* ScreenshotView.swift */; };
		9A9355A327FF553800234DF6 /* ScreenshotCard.swift in Sources */ = {isa = PBXBuildFile; fileRef = 9A9355A227FF553800234DF6 /* ScreenshotCard.swift */; };
		9AF79D2C27F61A1E00E2819A /* PictureGraphApp.swift in Sources */ = {isa = PBXBuildFile; fileRef = 9AF79D2B27F61A1E00E2819A /* PictureGraphApp.swift */; };
		9AF79D2E27F61A1E00E2819A /* ContentView.swift in Sources */ = {isa = PBXBuildFile; fileRef = 9AF79D2D27F61A1E00E2819A /* ContentView.swift */; };
		9AF79D3027F61A2000E2819A /* Assets.xcassets in Resources */ = {isa = PBXBuildFile; fileRef = 9AF79D2F27F61A2000E2819A /* Assets.xcassets */; };
		9AF79D3327F61A2000E2819A /* Preview Assets.xcassets in Resources */ = {isa = PBXBuildFile; fileRef = 9AF79D3227F61A2000E2819A /* Preview Assets.xcassets */; };
		9AF79D3C27F61DEC00E2819A /* Screenshot.swift in Sources */ = {isa = PBXBuildFile; fileRef = 9AF79D3B27F61DEC00E2819A /* Screenshot.swift */; };
		9AF79D3E27F62C8C00E2819A /* ModelData.swift in Sources */ = {isa = PBXBuildFile; fileRef = 9AF79D3D27F62C8C00E2819A /* ModelData.swift */; };
/* End PBXBuildFile section */

/* Begin PBXFileReference section */
		9A36AC32280892CD00C04339 /* ScreenshotHorizontalListView.swift */ = {isa = PBXFileReference; lastKnownFileType = sourcecode.swift; path = ScreenshotHorizontalListView.swift; sourceTree = "<group>"; };
		9A4D8EA02809E779007AC9B5 /* ArrowShape.swift */ = {isa = PBXFileReference; lastKnownFileType = sourcecode.swift; path = ArrowShape.swift; sourceTree = "<group>"; };
		9A4D8EA32809E7CE007AC9B5 /* GraphUtilities.swift */ = {isa = PBXFileReference; lastKnownFileType = sourcecode.swift; path = GraphUtilities.swift; sourceTree = "<group>"; };
		9A64053A28078D740036B306 /* ScreenshotVerticalListView.swift */ = {isa = PBXFileReference; lastKnownFileType = sourcecode.swift; path = ScreenshotVerticalListView.swift; sourceTree = "<group>"; };
		9A79858D27F77081005FA54B /* ScreenshotView.swift */ = {isa = PBXFileReference; lastKnownFileType = sourcecode.swift; path = ScreenshotView.swift; sourceTree = "<group>"; };
		9A9355A227FF553800234DF6 /* ScreenshotCard.swift */ = {isa = PBXFileReference; lastKnownFileType = sourcecode.swift; path = ScreenshotCard.swift; sourceTree = "<group>"; };
		9AF79D2827F61A1E00E2819A /* PictureGraph.app */ = {isa = PBXFileReference; explicitFileType = wrapper.application; includeInIndex = 0; path = PictureGraph.app; sourceTree = BUILT_PRODUCTS_DIR; };
		9AF79D2B27F61A1E00E2819A /* PictureGraphApp.swift */ = {isa = PBXFileReference; lastKnownFileType = sourcecode.swift; path = PictureGraphApp.swift; sourceTree = "<group>"; };
		9AF79D2D27F61A1E00E2819A /* ContentView.swift */ = {isa = PBXFileReference; lastKnownFileType = sourcecode.swift; path = ContentView.swift; sourceTree = "<group>"; };
		9AF79D2F27F61A2000E2819A /* Assets.xcassets */ = {isa = PBXFileReference; lastKnownFileType = folder.assetcatalog; path = Assets.xcassets; sourceTree = "<group>"; };
		9AF79D3227F61A2000E2819A /* Preview Assets.xcassets */ = {isa = PBXFileReference; lastKnownFileType = folder.assetcatalog; path = "Preview Assets.xcassets"; sourceTree = "<group>"; };
		9AF79D3427F61A2000E2819A /* PictureGraph.entitlements */ = {isa = PBXFileReference; lastKnownFileType = text.plist.entitlements; path = PictureGraph.entitlements; sourceTree = "<group>"; };
		9AF79D3B27F61DEC00E2819A /* Screenshot.swift */ = {isa = PBXFileReference; lastKnownFileType = sourcecode.swift; path = Screenshot.swift; sourceTree = "<group>"; };
		9AF79D3D27F62C8C00E2819A /* ModelData.swift */ = {isa = PBXFileReference; lastKnownFileType = sourcecode.swift; path = ModelData.swift; sourceTree = "<group>"; };
/* End PBXFileReference section */

/* Begin PBXFrameworksBuildPhase section */
		9AF79D2527F61A1E00E2819A /* Frameworks */ = {
			isa = PBXFrameworksBuildPhase;
			buildActionMask = 2147483647;
			files = (
			);
			runOnlyForDeploymentPostprocessing = 0;
		};
/* End PBXFrameworksBuildPhase section */

/* Begin PBXGroup section */
		9A4D8EA22809E7BE007AC9B5 /* Utilities */ = {
			isa = PBXGroup;
			children = (
				9A4D8EA32809E7CE007AC9B5 /* GraphUtilities.swift */,
			);
			path = Utilities;
			sourceTree = "<group>";
		};
		9A79858C27F76FA3005FA54B /* View */ = {
			isa = PBXGroup;
			children = (
				9AF79D2D27F61A1E00E2819A /* ContentView.swift */,
				9A79858D27F77081005FA54B /* ScreenshotView.swift */,
				9A9355A227FF553800234DF6 /* ScreenshotCard.swift */,
				9A64053A28078D740036B306 /* ScreenshotVerticalListView.swift */,
				9A36AC32280892CD00C04339 /* ScreenshotHorizontalListView.swift */,
				9A4D8EA02809E779007AC9B5 /* ArrowShape.swift */,
			);
			path = View;
			sourceTree = "<group>";
		};
		9AF79D1F27F61A1D00E2819A = {
			isa = PBXGroup;
			children = (
				9AF79D2A27F61A1E00E2819A /* PictureGraph */,
				9AF79D2927F61A1E00E2819A /* Products */,
			);
			sourceTree = "<group>";
		};
		9AF79D2927F61A1E00E2819A /* Products */ = {
			isa = PBXGroup;
			children = (
				9AF79D2827F61A1E00E2819A /* PictureGraph.app */,
			);
			name = Products;
			sourceTree = "<group>";
		};
		9AF79D2A27F61A1E00E2819A /* PictureGraph */ = {
			isa = PBXGroup;
			children = (
				9A4D8EA22809E7BE007AC9B5 /* Utilities */,
				9A79858C27F76FA3005FA54B /* View */,
				9AF79D3A27F61A6000E2819A /* Model */,
				9AF79D2B27F61A1E00E2819A /* PictureGraphApp.swift */,
				9AF79D2F27F61A2000E2819A /* Assets.xcassets */,
				9AF79D3427F61A2000E2819A /* PictureGraph.entitlements */,
				9AF79D3127F61A2000E2819A /* Preview Content */,
			);
			path = PictureGraph;
			sourceTree = "<group>";
		};
		9AF79D3127F61A2000E2819A /* Preview Content */ = {
			isa = PBXGroup;
			children = (
				9AF79D3227F61A2000E2819A /* Preview Assets.xcassets */,
			);
			path = "Preview Content";
			sourceTree = "<group>";
		};
		9AF79D3A27F61A6000E2819A /* Model */ = {
			isa = PBXGroup;
			children = (
				9AF79D3B27F61DEC00E2819A /* Screenshot.swift */,
				9AF79D3D27F62C8C00E2819A /* ModelData.swift */,
			);
			path = Model;
			sourceTree = "<group>";
		};
/* End PBXGroup section */

/* Begin PBXNativeTarget section */
		9AF79D2727F61A1E00E2819A /* PictureGraph */ = {
			isa = PBXNativeTarget;
			buildConfigurationList = 9AF79D3727F61A2000E2819A /* Build configuration list for PBXNativeTarget "PictureGraph" */;
			buildPhases = (
				9AF79D2427F61A1E00E2819A /* Sources */,
				9AF79D2527F61A1E00E2819A /* Frameworks */,
				9AF79D2627F61A1E00E2819A /* Resources */,
			);
			buildRules = (
			);
			dependencies = (
			);
			name = PictureGraph;
			productName = PictureGraph;
			productReference = 9AF79D2827F61A1E00E2819A /* PictureGraph.app */;
			productType = "com.apple.product-type.application";
		};
/* End PBXNativeTarget section */

/* Begin PBXProject section */
		9AF79D2027F61A1D00E2819A /* Project object */ = {
			isa = PBXProject;
			attributes = {
				BuildIndependentTargetsInParallel = 1;
				LastSwiftUpdateCheck = 1330;
				LastUpgradeCheck = 1330;
				TargetAttributes = {
					9AF79D2727F61A1E00E2819A = {
						CreatedOnToolsVersion = 13.3;
					};
				};
			};
			buildConfigurationList = 9AF79D2327F61A1D00E2819A /* Build configuration list for PBXProject "PictureGraph" */;
			compatibilityVersion = "Xcode 13.0";
			developmentRegion = en;
			hasScannedForEncodings = 0;
			knownRegions = (
				en,
				Base,
			);
			mainGroup = 9AF79D1F27F61A1D00E2819A;
			productRefGroup = 9AF79D2927F61A1E00E2819A /* Products */;
			projectDirPath = "";
			projectRoot = "";
			targets = (
				9AF79D2727F61A1E00E2819A /* PictureGraph */,
			);
		};
/* End PBXProject section */

/* Begin PBXResourcesBuildPhase section */
		9AF79D2627F61A1E00E2819A /* Resources */ = {
			isa = PBXResourcesBuildPhase;
			buildActionMask = 2147483647;
			files = (
				9AF79D3327F61A2000E2819A /* Preview Assets.xcassets in Resources */,
				9AF79D3027F61A2000E2819A /* Assets.xcassets in Resources */,
			);
			runOnlyForDeploymentPostprocessing = 0;
		};
/* End PBXResourcesBuildPhase section */

/* Begin PBXSourcesBuildPhase section */
		9AF79D2427F61A1E00E2819A /* Sources */ = {
			isa = PBXSourcesBuildPhase;
			buildActionMask = 2147483647;
			files = (
				9A4D8EA42809E7CE007AC9B5 /* GraphUtilities.swift in Sources */,
				9A79858E27F77081005FA54B /* ScreenshotView.swift in Sources */,
				9A9355A327FF553800234DF6 /* ScreenshotCard.swift in Sources */,
				9AF79D2E27F61A1E00E2819A /* ContentView.swift in Sources */,
				9AF79D3E27F62C8C00E2819A /* ModelData.swift in Sources */,
				9A36AC33280892CD00C04339 /* ScreenshotHorizontalListView.swift in Sources */,
				9AF79D3C27F61DEC00E2819A /* Screenshot.swift in Sources */,
				9A64053B28078D740036B306 /* ScreenshotVerticalListView.swift in Sources */,
				9A4D8EA12809E779007AC9B5 /* ArrowShape.swift in Sources */,
				9AF79D2C27F61A1E00E2819A /* PictureGraphApp.swift in Sources */,
			);
			runOnlyForDeploymentPostprocessing = 0;
		};
/* End PBXSourcesBuildPhase section */

/* Begin XCBuildConfiguration section */
		9AF79D3527F61A2000E2819A /* Debug */ = {
			isa = XCBuildConfiguration;
			buildSettings = {
				ALWAYS_SEARCH_USER_PATHS = NO;
				CLANG_ANALYZER_NONNULL = YES;
				CLANG_ANALYZER_NUMBER_OBJECT_CONVERSION = YES_AGGRESSIVE;
				CLANG_CXX_LANGUAGE_STANDARD = "gnu++17";
				CLANG_ENABLE_MODULES = YES;
				CLANG_ENABLE_OBJC_ARC = YES;
				CLANG_ENABLE_OBJC_WEAK = YES;
				CLANG_WARN_BLOCK_CAPTURE_AUTORELEASING = YES;
				CLANG_WARN_BOOL_CONVERSION = YES;
				CLANG_WARN_COMMA = YES;
				CLANG_WARN_CONSTANT_CONVERSION = YES;
				CLANG_WARN_DEPRECATED_OBJC_IMPLEMENTATIONS = YES;
				CLANG_WARN_DIRECT_OBJC_ISA_USAGE = YES_ERROR;
				CLANG_WARN_DOCUMENTATION_COMMENTS = YES;
				CLANG_WARN_EMPTY_BODY = YES;
				CLANG_WARN_ENUM_CONVERSION = YES;
				CLANG_WARN_INFINITE_RECURSION = YES;
				CLANG_WARN_INT_CONVERSION = YES;
				CLANG_WARN_NON_LITERAL_NULL_CONVERSION = YES;
				CLANG_WARN_OBJC_IMPLICIT_RETAIN_SELF = YES;
				CLANG_WARN_OBJC_LITERAL_CONVERSION = YES;
				CLANG_WARN_OBJC_ROOT_CLASS = YES_ERROR;
				CLANG_WARN_QUOTED_INCLUDE_IN_FRAMEWORK_HEADER = YES;
				CLANG_WARN_RANGE_LOOP_ANALYSIS = YES;
				CLANG_WARN_STRICT_PROTOTYPES = YES;
				CLANG_WARN_SUSPICIOUS_MOVE = YES;
				CLANG_WARN_UNGUARDED_AVAILABILITY = YES_AGGRESSIVE;
				CLANG_WARN_UNREACHABLE_CODE = YES;
				CLANG_WARN__DUPLICATE_METHOD_MATCH = YES;
				COPY_PHASE_STRIP = NO;
				DEBUG_INFORMATION_FORMAT = dwarf;
				ENABLE_STRICT_OBJC_MSGSEND = YES;
				ENABLE_TESTABILITY = YES;
				GCC_C_LANGUAGE_STANDARD = gnu11;
				GCC_DYNAMIC_NO_PIC = NO;
				GCC_NO_COMMON_BLOCKS = YES;
				GCC_OPTIMIZATION_LEVEL = 0;
				GCC_PREPROCESSOR_DEFINITIONS = (
					"DEBUG=1",
					"$(inherited)",
				);
				GCC_WARN_64_TO_32_BIT_CONVERSION = YES;
				GCC_WARN_ABOUT_RETURN_TYPE = YES_ERROR;
				GCC_WARN_UNDECLARED_SELECTOR = YES;
				GCC_WARN_UNINITIALIZED_AUTOS = YES_AGGRESSIVE;
				GCC_WARN_UNUSED_FUNCTION = YES;
				GCC_WARN_UNUSED_VARIABLE = YES;
				MACOSX_DEPLOYMENT_TARGET = 12.2;
				MTL_ENABLE_DEBUG_INFO = INCLUDE_SOURCE;
				MTL_FAST_MATH = YES;
				ONLY_ACTIVE_ARCH = YES;
				SDKROOT = macosx;
				SWIFT_ACTIVE_COMPILATION_CONDITIONS = DEBUG;
				SWIFT_OPTIMIZATION_LEVEL = "-Onone";
			};
			name = Debug;
		};
		9AF79D3627F61A2000E2819A /* Release */ = {
			isa = XCBuildConfiguration;
			buildSettings = {
				ALWAYS_SEARCH_USER_PATHS = NO;
				CLANG_ANALYZER_NONNULL = YES;
				CLANG_ANALYZER_NUMBER_OBJECT_CONVERSION = YES_AGGRESSIVE;
				CLANG_CXX_LANGUAGE_STANDARD = "gnu++17";
				CLANG_ENABLE_MODULES = YES;
				CLANG_ENABLE_OBJC_ARC = YES;
				CLANG_ENABLE_OBJC_WEAK = YES;
				CLANG_WARN_BLOCK_CAPTURE_AUTORELEASING = YES;
				CLANG_WARN_BOOL_CONVERSION = YES;
				CLANG_WARN_COMMA = YES;
				CLANG_WARN_CONSTANT_CONVERSION = YES;
				CLANG_WARN_DEPRECATED_OBJC_IMPLEMENTATIONS = YES;
				CLANG_WARN_DIRECT_OBJC_ISA_USAGE = YES_ERROR;
				CLANG_WARN_DOCUMENTATION_COMMENTS = YES;
				CLANG_WARN_EMPTY_BODY = YES;
				CLANG_WARN_ENUM_CONVERSION = YES;
				CLANG_WARN_INFINITE_RECURSION = YES;
				CLANG_WARN_INT_CONVERSION = YES;
				CLANG_WARN_NON_LITERAL_NULL_CONVERSION = YES;
				CLANG_WARN_OBJC_IMPLICIT_RETAIN_SELF = YES;
				CLANG_WARN_OBJC_LITERAL_CONVERSION = YES;
				CLANG_WARN_OBJC_ROOT_CLASS = YES_ERROR;
				CLANG_WARN_QUOTED_INCLUDE_IN_FRAMEWORK_HEADER = YES;
				CLANG_WARN_RANGE_LOOP_ANALYSIS = YES;
				CLANG_WARN_STRICT_PROTOTYPES = YES;
				CLANG_WARN_SUSPICIOUS_MOVE = YES;
				CLANG_WARN_UNGUARDED_AVAILABILITY = YES_AGGRESSIVE;
				CLANG_WARN_UNREACHABLE_CODE = YES;
				CLANG_WARN__DUPLICATE_METHOD_MATCH = YES;
				COPY_PHASE_STRIP = NO;
				DEBUG_INFORMATION_FORMAT = "dwarf-with-dsym";
				ENABLE_NS_ASSERTIONS = NO;
				ENABLE_STRICT_OBJC_MSGSEND = YES;
				GCC_C_LANGUAGE_STANDARD = gnu11;
				GCC_NO_COMMON_BLOCKS = YES;
				GCC_WARN_64_TO_32_BIT_CONVERSION = YES;
				GCC_WARN_ABOUT_RETURN_TYPE = YES_ERROR;
				GCC_WARN_UNDECLARED_SELECTOR = YES;
				GCC_WARN_UNINITIALIZED_AUTOS = YES_AGGRESSIVE;
				GCC_WARN_UNUSED_FUNCTION = YES;
				GCC_WARN_UNUSED_VARIABLE = YES;
				MACOSX_DEPLOYMENT_TARGET = 12.2;
				MTL_ENABLE_DEBUG_INFO = NO;
				MTL_FAST_MATH = YES;
				SDKROOT = macosx;
				SWIFT_COMPILATION_MODE = wholemodule;
				SWIFT_OPTIMIZATION_LEVEL = "-O";
			};
			name = Release;
		};
		9AF79D3827F61A2000E2819A /* Debug */ = {
			isa = XCBuildConfiguration;
			buildSettings = {
				ASSETCATALOG_COMPILER_APPICON_NAME = AppIcon;
				ASSETCATALOG_COMPILER_GLOBAL_ACCENT_COLOR_NAME = AccentColor;
				CODE_SIGN_ENTITLEMENTS = PictureGraph/PictureGraph.entitlements;
				CODE_SIGN_STYLE = Automatic;
				COMBINE_HIDPI_IMAGES = YES;
				CURRENT_PROJECT_VERSION = 1;
				DEVELOPMENT_ASSET_PATHS = "\"PictureGraph/Preview Content\"";
				ENABLE_PREVIEWS = YES;
				GENERATE_INFOPLIST_FILE = YES;
				INFOPLIST_KEY_NSHumanReadableCopyright = "";
				LD_RUNPATH_SEARCH_PATHS = (
					"$(inherited)",
					"@executable_path/../Frameworks",
				);
				MARKETING_VERSION = 1.0;
				PRODUCT_BUNDLE_IDENTIFIER = com.ianblaise.PictureGraph;
				PRODUCT_NAME = "$(TARGET_NAME)";
				SWIFT_EMIT_LOC_STRINGS = YES;
				SWIFT_VERSION = 5.0;
			};
			name = Debug;
		};
		9AF79D3927F61A2000E2819A /* Release */ = {
			isa = XCBuildConfiguration;
			buildSettings = {
				ASSETCATALOG_COMPILER_APPICON_NAME = AppIcon;
				ASSETCATALOG_COMPILER_GLOBAL_ACCENT_COLOR_NAME = AccentColor;
				CODE_SIGN_ENTITLEMENTS = PictureGraph/PictureGraph.entitlements;
				CODE_SIGN_STYLE = Automatic;
				COMBINE_HIDPI_IMAGES = YES;
				CURRENT_PROJECT_VERSION = 1;
				DEVELOPMENT_ASSET_PATHS = "\"PictureGraph/Preview Content\"";
				ENABLE_PREVIEWS = YES;
				GENERATE_INFOPLIST_FILE = YES;
				INFOPLIST_KEY_NSHumanReadableCopyright = "";
				LD_RUNPATH_SEARCH_PATHS = (
					"$(inherited)",
					"@executable_path/../Frameworks",
				);
				MARKETING_VERSION = 1.0;
				PRODUCT_BUNDLE_IDENTIFIER = com.ianblaise.PictureGraph;
				PRODUCT_NAME = "$(TARGET_NAME)";
				SWIFT_EMIT_LOC_STRINGS = YES;
				SWIFT_VERSION = 5.0;
			};
			name = Release;
		};
/* End XCBuildConfiguration section */

/* Begin XCConfigurationList section */
		9AF79D2327F61A1D00E2819A /* Build configuration list for PBXProject "PictureGraph" */ = {
			isa = XCConfigurationList;
			buildConfigurations = (
				9AF79D3527F61A2000E2819A /* Debug */,
				9AF79D3627F61A2000E2819A /* Release */,
			);
			defaultConfigurationIsVisible = 0;
			defaultConfigurationName = Release;
		};
		9AF79D3727F61A2000E2819A /* Build configuration list for PBXNativeTarget "PictureGraph" */ = {
			isa = XCConfigurationList;
			buildConfigurations = (
				9AF79D3827F61A2000E2819A /* Debug */,
				9AF79D3927F61A2000E2819A /* Release */,
			);
			defaultConfigurationIsVisible = 0;
			defaultConfigurationName = Release;
		};
/* End XCConfigurationList section */
	};
	rootObject = 9AF79D2027F61A1D00E2819A /* Project object */;
}
